
Microsoft Visual Studio Solution File, Format Version 12.00
# Visual Studio 15
VisualStudioVersion = 15.0.27703.2047
MinimumVisualStudioVersion = 10.0.40219.1
Project("{FAE04EC0-301F-11D3-BF4B-00C04F79EFBC}") = "WebApisTokenAuth", "WebApisTokenAuth\WebApisTokenAuth.csproj", "{9427D033-6458-4C75-9B26-485D356CE587}"
EndProject
Project("{FAE04EC0-301F-11D3-BF4B-00C04F79EFBC}") = "WebApisTokenAuth.Core", "WebApisTokenAuth.Core\WebApisTokenAuth.Core.csproj", "{CE614D83-5E28-4D99-A690-81A7E5F16FF3}"
EndProject
Project("{FAE04EC0-301F-11D3-BF4B-00C04F79EFBC}") = "WebApisTokenAuth.Model", "WebApisTokenAuth.Model\WebApisTokenAuth.Model.csproj", "{545E106B-D841-441D-9928-03EAB18E00FA}"
EndProject
Project("{FAE04EC0-301F-11D3-BF4B-00C04F79EFBC}") = "WebApisTokenAuth.Service", "WebApisTokenAuth.Service\WebApisTokenAuth.Service.csproj", "{F7024D1F-0A3C-427A-9CE7-D9CA88254978}"
EndProject
Project("{FAE04EC0-301F-11D3-BF4B-00C04F79EFBC}") = "DBScripts", "DBScripts\DBScripts.csproj", "{82C98F69-9BE2-4952-ADAA-F175C4566BC6}"
EndProject
Global
	GlobalSection(SolutionConfigurationPlatforms) = preSolution
		Debug|Any CPU = Debug|Any CPU
		Release|Any CPU = Release|Any CPU
	EndGlobalSection
	GlobalSection(ProjectConfigurationPlatforms) = postSolution
		{9427D033-6458-4C75-9B26-485D356CE587}.Debug|Any CPU.ActiveCfg = Debug|Any CPU
		{9427D033-6458-4C75-9B26-485D356CE587}.Debug|Any CPU.Build.0 = Debug|Any CPU
		{9427D033-6458-4C75-9B26-485D356CE587}.Release|Any CPU.ActiveCfg = Release|Any CPU
		{9427D033-6458-4C75-9B26-485D356CE587}.Release|Any CPU.Build.0 = Release|Any CPU
		{CE614D83-5E28-4D99-A690-81A7E5F16FF3}.Debug|Any CPU.ActiveCfg = Debug|Any CPU
		{CE614D83-5E28-4D99-A690-81A7E5F16FF3}.Debug|Any CPU.Build.0 = Debug|Any CPU
		{CE614D83-5E28-4D99-A690-81A7E5F16FF3}.Release|Any CPU.ActiveCfg = Release|Any CPU
		{CE614D83-5E28-4D99-A690-81A7E5F16FF3}.Release|Any CPU.Build.0 = Release|Any CPU
		{545E106B-D841-441D-9928-03EAB18E00FA}.Debug|Any CPU.ActiveCfg = Debug|Any CPU
		{545E106B-D841-441D-9928-03EAB18E00FA}.Debug|Any CPU.Build.0 = Debug|Any CPU
		{545E106B-D841-441D-9928-03EAB18E00FA}.Release|Any CPU.ActiveCfg = Release|Any CPU
		{545E106B-D841-441D-9928-03EAB18E00FA}.Release|Any CPU.Build.0 = Release|Any CPU
		{F7024D1F-0A3C-427A-9CE7-D9CA88254978}.Debug|Any CPU.ActiveCfg = Debug|Any CPU
		{F7024D1F-0A3C-427A-9CE7-D9CA88254978}.Debug|Any CPU.Build.0 = Debug|Any CPU
		{F7024D1F-0A3C-427A-9CE7-D9CA88254978}.Release|Any CPU.ActiveCfg = Release|Any CPU
		{F7024D1F-0A3C-427A-9CE7-D9CA88254978}.Release|Any CPU.Build.0 = Release|Any CPU
		{82C98F69-9BE2-4952-ADAA-F175C4566BC6}.Debug|Any CPU.ActiveCfg = Debug|Any CPU
		{82C98F69-9BE2-4952-ADAA-F175C4566BC6}.Debug|Any CPU.Build.0 = Debug|Any CPU
		{82C98F69-9BE2-4952-ADAA-F175C4566BC6}.Release|Any CPU.ActiveCfg = Release|Any CPU
		{82C98F69-9BE2-4952-ADAA-F175C4566BC6}.Release|Any CPU.Build.0 = Release|Any CPU
	EndGlobalSection
	GlobalSection(SolutionProperties) = preSolution
		HideSolutionNode = FALSE
	EndGlobalSection
	GlobalSection(ExtensibilityGlobals) = postSolution
		SolutionGuid = {D5D62EDA-AC21-4A3C-B461-5DCF54D95246}
	EndGlobalSection
EndGlobal
